
Microsoft Visual Studio Solution File, Format Version 12.00
# Visual Studio Version 17
VisualStudioVersion = 17.0.31903.59
MinimumVisualStudioVersion = 10.0.40219.1
Project("{FAE04EC0-301F-11D3-BF4B-00C04F79EFBC}") = "DotNetIsolatedDockerApp", "DotNetIsolatedDockerApp\DotNetIsolatedDockerApp.csproj", "{E5B0626C-F0CF-41A5-9A02-E51B02F3A71A}"
EndProject
Global
	GlobalSection(SolutionConfigurationPlatforms) = preSolution
		Debug|Any CPU = Debug|Any CPU
		Release|Any CPU = Release|Any CPU
	EndGlobalSection
	GlobalSection(ProjectConfigurationPlatforms) = postSolution
		{E5B0626C-F0CF-41A5-9A02-E51B02F3A71A}.Debug|Any CPU.ActiveCfg = Debug|Any CPU
		{E5B0626C-F0CF-41A5-9A02-E51B02F3A71A}.Debug|Any CPU.Build.0 = Debug|Any CPU
		{E5B0626C-F0CF-41A5-9A02-E51B02F3A71A}.Release|Any CPU.ActiveCfg = Release|Any CPU
		{E5B0626C-F0CF-41A5-9A02-E51B02F3A71A}.Release|Any CPU.Build.0 = Release|Any CPU
	EndGlobalSection
	GlobalSection(SolutionProperties) = preSolution
		HideSolutionNode = FALSE
	EndGlobalSection
	GlobalSection(ExtensibilityGlobals) = postSolution
		SolutionGuid = {1616F0DB-DE32-4F60-A694-A5F6AE57594E}
	EndGlobalSection
EndGlobal
